// !$*UTF8*$!
{
	archiveVersion = 1;
	classes = {
	};
	objectVersion = 56;
	objects = {

/* Begin PBXBuildFile section */
		EE144001296CDFB400B84370 /* StoriesView.swift in Sources */ = {isa = PBXBuildFile; fileRef = EE144000296CDFB400B84370 /* StoriesView.swift */; };
		EE144003296CE22900B84370 /* StoryDetailView.swift in Sources */ = {isa = PBXBuildFile; fileRef = EE144002296CE22900B84370 /* StoryDetailView.swift */; };
		EE144005296CE62D00B84370 /* CommentView.swift in Sources */ = {isa = PBXBuildFile; fileRef = EE144004296CE62D00B84370 /* CommentView.swift */; };
		EE91D8D8296B823A00E76895 /* HackerNewsApp.swift in Sources */ = {isa = PBXBuildFile; fileRef = EE91D8D7296B823A00E76895 /* HackerNewsApp.swift */; };
		EE91D8DA296B823A00E76895 /* ContentView.swift in Sources */ = {isa = PBXBuildFile; fileRef = EE91D8D9296B823A00E76895 /* ContentView.swift */; };
		EE91D8DC296B823B00E76895 /* Assets.xcassets in Resources */ = {isa = PBXBuildFile; fileRef = EE91D8DB296B823B00E76895 /* Assets.xcassets */; };
		EE91D8DF296B823B00E76895 /* Preview Assets.xcassets in Resources */ = {isa = PBXBuildFile; fileRef = EE91D8DE296B823B00E76895 /* Preview Assets.xcassets */; };
		EE91D8E7296B82E800E76895 /* SidebarView.swift in Sources */ = {isa = PBXBuildFile; fileRef = EE91D8E6296B82E800E76895 /* SidebarView.swift */; };
		EE91D8E9296B89CA00E76895 /* SettingsView.swift in Sources */ = {isa = PBXBuildFile; fileRef = EE91D8E8296B89CA00E76895 /* SettingsView.swift */; };
		EE91D8EF296B8B3000E76895 /* HackerNews in Frameworks */ = {isa = PBXBuildFile; productRef = EE91D8EE296B8B3000E76895 /* HackerNews */; };
		EE91D8F4296CAC2900E76895 /* StoryRowView.swift in Sources */ = {isa = PBXBuildFile; fileRef = EE91D8F3296CAC2900E76895 /* StoryRowView.swift */; };
		EE91D8FB296CBDA300E76895 /* SDWebImageSwiftUI in Frameworks */ = {isa = PBXBuildFile; productRef = EE91D8FA296CBDA300E76895 /* SDWebImageSwiftUI */; };
		EE91D8FE296CBFB600E76895 /* OpenGraph in Frameworks */ = {isa = PBXBuildFile; productRef = EE91D8FD296CBFB600E76895 /* OpenGraph */; };
		EE91D900296CC27A00E76895 /* ListThumbnailView.swift in Sources */ = {isa = PBXBuildFile; fileRef = EE91D8FF296CC27A00E76895 /* ListThumbnailView.swift */; };
		EE91D902296CCB0B00E76895 /* HackerNewsClient.swift in Sources */ = {isa = PBXBuildFile; fileRef = EE91D901296CCB0B00E76895 /* HackerNewsClient.swift */; };
		EE91D906296CDE6200E76895 /* Info.plist in Resources */ = {isa = PBXBuildFile; fileRef = EE91D905296CDE6200E76895 /* Info.plist */; };
		EEC32EC9296D1A6500B126DF /* AuthorTimestampView.swift in Sources */ = {isa = PBXBuildFile; fileRef = EEC32EC8296D1A6500B126DF /* AuthorTimestampView.swift */; };
		EEC32ECB296D1ECD00B126DF /* ScoreCommentsView.swift in Sources */ = {isa = PBXBuildFile; fileRef = EEC32ECA296D1ECD00B126DF /* ScoreCommentsView.swift */; };
/* End PBXBuildFile section */

/* Begin PBXFileReference section */
		EE144000296CDFB400B84370 /* StoriesView.swift */ = {isa = PBXFileReference; lastKnownFileType = sourcecode.swift; path = StoriesView.swift; sourceTree = "<group>"; };
		EE144002296CE22900B84370 /* StoryDetailView.swift */ = {isa = PBXFileReference; lastKnownFileType = sourcecode.swift; path = StoryDetailView.swift; sourceTree = "<group>"; };
		EE144004296CE62D00B84370 /* CommentView.swift */ = {isa = PBXFileReference; lastKnownFileType = sourcecode.swift; path = CommentView.swift; sourceTree = "<group>"; };
		EE91D8D4296B823A00E76895 /* HackerNewsBrowser.app */ = {isa = PBXFileReference; explicitFileType = wrapper.application; includeInIndex = 0; path = HackerNewsBrowser.app; sourceTree = BUILT_PRODUCTS_DIR; };
		EE91D8D7296B823A00E76895 /* HackerNewsApp.swift */ = {isa = PBXFileReference; lastKnownFileType = sourcecode.swift; path = HackerNewsApp.swift; sourceTree = "<group>"; };
		EE91D8D9296B823A00E76895 /* ContentView.swift */ = {isa = PBXFileReference; lastKnownFileType = sourcecode.swift; path = ContentView.swift; sourceTree = "<group>"; };
		EE91D8DB296B823B00E76895 /* Assets.xcassets */ = {isa = PBXFileReference; lastKnownFileType = folder.assetcatalog; path = Assets.xcassets; sourceTree = "<group>"; };
		EE91D8DE296B823B00E76895 /* Preview Assets.xcassets */ = {isa = PBXFileReference; lastKnownFileType = folder.assetcatalog; path = "Preview Assets.xcassets"; sourceTree = "<group>"; };
		EE91D8E0296B823B00E76895 /* HackerNews.entitlements */ = {isa = PBXFileReference; lastKnownFileType = text.plist.entitlements; path = HackerNews.entitlements; sourceTree = "<group>"; };
		EE91D8E6296B82E800E76895 /* SidebarView.swift */ = {isa = PBXFileReference; lastKnownFileType = sourcecode.swift; path = SidebarView.swift; sourceTree = "<group>"; };
		EE91D8E8296B89CA00E76895 /* SettingsView.swift */ = {isa = PBXFileReference; lastKnownFileType = sourcecode.swift; path = SettingsView.swift; sourceTree = "<group>"; };
		EE91D8F3296CAC2900E76895 /* StoryRowView.swift */ = {isa = PBXFileReference; lastKnownFileType = sourcecode.swift; path = StoryRowView.swift; sourceTree = "<group>"; };
		EE91D8FF296CC27A00E76895 /* ListThumbnailView.swift */ = {isa = PBXFileReference; lastKnownFileType = sourcecode.swift; path = ListThumbnailView.swift; sourceTree = "<group>"; };
		EE91D901296CCB0B00E76895 /* HackerNewsClient.swift */ = {isa = PBXFileReference; lastKnownFileType = sourcecode.swift; path = HackerNewsClient.swift; sourceTree = "<group>"; };
		EE91D905296CDE6200E76895 /* Info.plist */ = {isa = PBXFileReference; lastKnownFileType = text.plist.xml; path = Info.plist; sourceTree = "<group>"; };
		EEC32EC8296D1A6500B126DF /* AuthorTimestampView.swift */ = {isa = PBXFileReference; lastKnownFileType = sourcecode.swift; path = AuthorTimestampView.swift; sourceTree = "<group>"; };
		EEC32ECA296D1ECD00B126DF /* ScoreCommentsView.swift */ = {isa = PBXFileReference; lastKnownFileType = sourcecode.swift; path = ScoreCommentsView.swift; sourceTree = "<group>"; };
/* End PBXFileReference section */

/* Begin PBXFrameworksBuildPhase section */
		EE91D8D1296B823A00E76895 /* Frameworks */ = {
			isa = PBXFrameworksBuildPhase;
			buildActionMask = 2147483647;
			files = (
				EE91D8FB296CBDA300E76895 /* SDWebImageSwiftUI in Frameworks */,
				EE91D8EF296B8B3000E76895 /* HackerNews in Frameworks */,
				EE91D8FE296CBFB600E76895 /* OpenGraph in Frameworks */,
			);
			runOnlyForDeploymentPostprocessing = 0;
		};
/* End PBXFrameworksBuildPhase section */

/* Begin PBXGroup section */
		EE91D8CB296B823A00E76895 = {
			isa = PBXGroup;
			children = (
				EE91D8D6296B823A00E76895 /* HackerNews */,
				EE91D8D5296B823A00E76895 /* Products */,
				EEC32ECC296D21D500B126DF /* Frameworks */,
			);
			sourceTree = "<group>";
		};
		EE91D8D5296B823A00E76895 /* Products */ = {
			isa = PBXGroup;
			children = (
				EE91D8D4296B823A00E76895 /* HackerNewsBrowser.app */,
			);
			name = Products;
			sourceTree = "<group>";
		};
		EE91D8D6296B823A00E76895 /* HackerNews */ = {
			isa = PBXGroup;
			children = (
				EE91D901296CCB0B00E76895 /* HackerNewsClient.swift */,
				EE91D8F0296CABAE00E76895 /* Models */,
				EE91D8EA296B8A4F00E76895 /* Views */,
				EE91D8D7296B823A00E76895 /* HackerNewsApp.swift */,
				EE91D8DB296B823B00E76895 /* Assets.xcassets */,
				EE91D8E0296B823B00E76895 /* HackerNews.entitlements */,
				EE91D8DD296B823B00E76895 /* Preview Content */,
				EE91D905296CDE6200E76895 /* Info.plist */,
			);
			path = HackerNews;
			sourceTree = "<group>";
		};
		EE91D8DD296B823B00E76895 /* Preview Content */ = {
			isa = PBXGroup;
			children = (
				EE91D8DE296B823B00E76895 /* Preview Assets.xcassets */,
			);
			path = "Preview Content";
			sourceTree = "<group>";
		};
		EE91D8EA296B8A4F00E76895 /* Views */ = {
			isa = PBXGroup;
			children = (
				EE91D8F3296CAC2900E76895 /* StoryRowView.swift */,
				EE91D8E8296B89CA00E76895 /* SettingsView.swift */,
				EE91D8D9296B823A00E76895 /* ContentView.swift */,
				EE91D8E6296B82E800E76895 /* SidebarView.swift */,
				EE91D8FF296CC27A00E76895 /* ListThumbnailView.swift */,
				EE144000296CDFB400B84370 /* StoriesView.swift */,
				EE144002296CE22900B84370 /* StoryDetailView.swift */,
				EE144004296CE62D00B84370 /* CommentView.swift */,
				EEC32EC8296D1A6500B126DF /* AuthorTimestampView.swift */,
				EEC32ECA296D1ECD00B126DF /* ScoreCommentsView.swift */,
			);
			path = Views;
			sourceTree = "<group>";
		};
		EE91D8F0296CABAE00E76895 /* Models */ = {
			isa = PBXGroup;
			children = (
			);
			path = Models;
			sourceTree = "<group>";
		};
		EEC32ECC296D21D500B126DF /* Frameworks */ = {
			isa = PBXGroup;
			children = (
			);
			name = Frameworks;
			sourceTree = "<group>";
		};
/* End PBXGroup section */

/* Begin PBXNativeTarget section */
		EE91D8D3296B823A00E76895 /* HackerNewsBrowser */ = {
			isa = PBXNativeTarget;
			buildConfigurationList = EE91D8E3296B823B00E76895 /* Build configuration list for PBXNativeTarget "HackerNewsBrowser" */;
			buildPhases = (
				EE91D8D0296B823A00E76895 /* Sources */,
				EE91D8D1296B823A00E76895 /* Frameworks */,
				EE91D8D2296B823A00E76895 /* Resources */,
			);
			buildRules = (
			);
			dependencies = (
			);
			name = HackerNewsBrowser;
			packageProductDependencies = (
				EE91D8EE296B8B3000E76895 /* HackerNews */,
				EE91D8FA296CBDA300E76895 /* SDWebImageSwiftUI */,
				EE91D8FD296CBFB600E76895 /* OpenGraph */,
			);
			productName = HackerNews;
			productReference = EE91D8D4296B823A00E76895 /* HackerNewsBrowser.app */;
			productType = "com.apple.product-type.application";
		};
/* End PBXNativeTarget section */

/* Begin PBXProject section */
		EE91D8CC296B823A00E76895 /* Project object */ = {
			isa = PBXProject;
			attributes = {
				BuildIndependentTargetsInParallel = 1;
				LastSwiftUpdateCheck = 1420;
				LastUpgradeCheck = 1420;
				TargetAttributes = {
					EE91D8D3296B823A00E76895 = {
						CreatedOnToolsVersion = 14.2;
					};
				};
			};
			buildConfigurationList = EE91D8CF296B823A00E76895 /* Build configuration list for PBXProject "HackerNewsBrowser" */;
			compatibilityVersion = "Xcode 14.0";
			developmentRegion = en;
			hasScannedForEncodings = 0;
			knownRegions = (
				en,
				Base,
			);
			mainGroup = EE91D8CB296B823A00E76895;
			packageReferences = (
				EE91D8ED296B8B2F00E76895 /* XCRemoteSwiftPackageReference "hackernews-swift-api" */,
				EE91D8F9296CBDA300E76895 /* XCRemoteSwiftPackageReference "SDWebImageSwiftUI" */,
				EE91D8FC296CBFB600E76895 /* XCRemoteSwiftPackageReference "OpenGraph" */,
			);
			productRefGroup = EE91D8D5296B823A00E76895 /* Products */;
			projectDirPath = "";
			projectRoot = "";
			targets = (
				EE91D8D3296B823A00E76895 /* HackerNewsBrowser */,
			);
		};
/* End PBXProject section */

/* Begin PBXResourcesBuildPhase section */
		EE91D8D2296B823A00E76895 /* Resources */ = {
			isa = PBXResourcesBuildPhase;
			buildActionMask = 2147483647;
			files = (
				EE91D8DF296B823B00E76895 /* Preview Assets.xcassets in Resources */,
				EE91D8DC296B823B00E76895 /* Assets.xcassets in Resources */,
				EE91D906296CDE6200E76895 /* Info.plist in Resources */,
			);
			runOnlyForDeploymentPostprocessing = 0;
		};
/* End PBXResourcesBuildPhase section */

/* Begin PBXSourcesBuildPhase section */
		EE91D8D0296B823A00E76895 /* Sources */ = {
			isa = PBXSourcesBuildPhase;
			buildActionMask = 2147483647;
			files = (
				EE91D8DA296B823A00E76895 /* ContentView.swift in Sources */,
				EE91D8E9296B89CA00E76895 /* SettingsView.swift in Sources */,
				EEC32EC9296D1A6500B126DF /* AuthorTimestampView.swift in Sources */,
				EE91D8E7296B82E800E76895 /* SidebarView.swift in Sources */,
				EE91D8D8296B823A00E76895 /* HackerNewsApp.swift in Sources */,
				EE144003296CE22900B84370 /* StoryDetailView.swift in Sources */,
				EE91D900296CC27A00E76895 /* ListThumbnailView.swift in Sources */,
				EEC32ECB296D1ECD00B126DF /* ScoreCommentsView.swift in Sources */,
				EE144001296CDFB400B84370 /* StoriesView.swift in Sources */,
				EE91D902296CCB0B00E76895 /* HackerNewsClient.swift in Sources */,
				EE144005296CE62D00B84370 /* CommentView.swift in Sources */,
				EE91D8F4296CAC2900E76895 /* StoryRowView.swift in Sources */,
			);
			runOnlyForDeploymentPostprocessing = 0;
		};
/* End PBXSourcesBuildPhase section */

/* Begin XCBuildConfiguration section */
		EE91D8E1296B823B00E76895 /* Debug */ = {
			isa = XCBuildConfiguration;
			buildSettings = {
				ALWAYS_SEARCH_USER_PATHS = NO;
				CLANG_ANALYZER_NONNULL = YES;
				CLANG_ANALYZER_NUMBER_OBJECT_CONVERSION = YES_AGGRESSIVE;
				CLANG_CXX_LANGUAGE_STANDARD = "gnu++20";
				CLANG_ENABLE_MODULES = YES;
				CLANG_ENABLE_OBJC_ARC = YES;
				CLANG_ENABLE_OBJC_WEAK = YES;
				CLANG_WARN_BLOCK_CAPTURE_AUTORELEASING = YES;
				CLANG_WARN_BOOL_CONVERSION = YES;
				CLANG_WARN_COMMA = YES;
				CLANG_WARN_CONSTANT_CONVERSION = YES;
				CLANG_WARN_DEPRECATED_OBJC_IMPLEMENTATIONS = YES;
				CLANG_WARN_DIRECT_OBJC_ISA_USAGE = YES_ERROR;
				CLANG_WARN_DOCUMENTATION_COMMENTS = YES;
				CLANG_WARN_EMPTY_BODY = YES;
				CLANG_WARN_ENUM_CONVERSION = YES;
				CLANG_WARN_INFINITE_RECURSION = YES;
				CLANG_WARN_INT_CONVERSION = YES;
				CLANG_WARN_NON_LITERAL_NULL_CONVERSION = YES;
				CLANG_WARN_OBJC_IMPLICIT_RETAIN_SELF = YES;
				CLANG_WARN_OBJC_LITERAL_CONVERSION = YES;
				CLANG_WARN_OBJC_ROOT_CLASS = YES_ERROR;
				CLANG_WARN_QUOTED_INCLUDE_IN_FRAMEWORK_HEADER = YES;
				CLANG_WARN_RANGE_LOOP_ANALYSIS = YES;
				CLANG_WARN_STRICT_PROTOTYPES = YES;
				CLANG_WARN_SUSPICIOUS_MOVE = YES;
				CLANG_WARN_UNGUARDED_AVAILABILITY = YES_AGGRESSIVE;
				CLANG_WARN_UNREACHABLE_CODE = YES;
				CLANG_WARN__DUPLICATE_METHOD_MATCH = YES;
				COPY_PHASE_STRIP = NO;
				DEBUG_INFORMATION_FORMAT = dwarf;
				ENABLE_STRICT_OBJC_MSGSEND = YES;
				ENABLE_TESTABILITY = YES;
				GCC_C_LANGUAGE_STANDARD = gnu11;
				GCC_DYNAMIC_NO_PIC = NO;
				GCC_NO_COMMON_BLOCKS = YES;
				GCC_OPTIMIZATION_LEVEL = 0;
				GCC_PREPROCESSOR_DEFINITIONS = (
					"DEBUG=1",
					"$(inherited)",
				);
				GCC_WARN_64_TO_32_BIT_CONVERSION = YES;
				GCC_WARN_ABOUT_RETURN_TYPE = YES_ERROR;
				GCC_WARN_UNDECLARED_SELECTOR = YES;
				GCC_WARN_UNINITIALIZED_AUTOS = YES_AGGRESSIVE;
				GCC_WARN_UNUSED_FUNCTION = YES;
				GCC_WARN_UNUSED_VARIABLE = YES;
				MACOSX_DEPLOYMENT_TARGET = 13.1;
				MTL_ENABLE_DEBUG_INFO = INCLUDE_SOURCE;
				MTL_FAST_MATH = YES;
				ONLY_ACTIVE_ARCH = YES;
				SDKROOT = macosx;
				SWIFT_ACTIVE_COMPILATION_CONDITIONS = DEBUG;
				SWIFT_OPTIMIZATION_LEVEL = "-Onone";
			};
			name = Debug;
		};
		EE91D8E2296B823B00E76895 /* Release */ = {
			isa = XCBuildConfiguration;
			buildSettings = {
				ALWAYS_SEARCH_USER_PATHS = NO;
				CLANG_ANALYZER_NONNULL = YES;
				CLANG_ANALYZER_NUMBER_OBJECT_CONVERSION = YES_AGGRESSIVE;
				CLANG_CXX_LANGUAGE_STANDARD = "gnu++20";
				CLANG_ENABLE_MODULES = YES;
				CLANG_ENABLE_OBJC_ARC = YES;
				CLANG_ENABLE_OBJC_WEAK = YES;
				CLANG_WARN_BLOCK_CAPTURE_AUTORELEASING = YES;
				CLANG_WARN_BOOL_CONVERSION = YES;
				CLANG_WARN_COMMA = YES;
				CLANG_WARN_CONSTANT_CONVERSION = YES;
				CLANG_WARN_DEPRECATED_OBJC_IMPLEMENTATIONS = YES;
				CLANG_WARN_DIRECT_OBJC_ISA_USAGE = YES_ERROR;
				CLANG_WARN_DOCUMENTATION_COMMENTS = YES;
				CLANG_WARN_EMPTY_BODY = YES;
				CLANG_WARN_ENUM_CONVERSION = YES;
				CLANG_WARN_INFINITE_RECURSION = YES;
				CLANG_WARN_INT_CONVERSION = YES;
				CLANG_WARN_NON_LITERAL_NULL_CONVERSION = YES;
				CLANG_WARN_OBJC_IMPLICIT_RETAIN_SELF = YES;
				CLANG_WARN_OBJC_LITERAL_CONVERSION = YES;
				CLANG_WARN_OBJC_ROOT_CLASS = YES_ERROR;
				CLANG_WARN_QUOTED_INCLUDE_IN_FRAMEWORK_HEADER = YES;
				CLANG_WARN_RANGE_LOOP_ANALYSIS = YES;
				CLANG_WARN_STRICT_PROTOTYPES = YES;
				CLANG_WARN_SUSPICIOUS_MOVE = YES;
				CLANG_WARN_UNGUARDED_AVAILABILITY = YES_AGGRESSIVE;
				CLANG_WARN_UNREACHABLE_CODE = YES;
				CLANG_WARN__DUPLICATE_METHOD_MATCH = YES;
				COPY_PHASE_STRIP = NO;
				DEBUG_INFORMATION_FORMAT = "dwarf-with-dsym";
				ENABLE_NS_ASSERTIONS = NO;
				ENABLE_STRICT_OBJC_MSGSEND = YES;
				GCC_C_LANGUAGE_STANDARD = gnu11;
				GCC_NO_COMMON_BLOCKS = YES;
				GCC_WARN_64_TO_32_BIT_CONVERSION = YES;
				GCC_WARN_ABOUT_RETURN_TYPE = YES_ERROR;
				GCC_WARN_UNDECLARED_SELECTOR = YES;
				GCC_WARN_UNINITIALIZED_AUTOS = YES_AGGRESSIVE;
				GCC_WARN_UNUSED_FUNCTION = YES;
				GCC_WARN_UNUSED_VARIABLE = YES;
				MACOSX_DEPLOYMENT_TARGET = 13.1;
				MTL_ENABLE_DEBUG_INFO = NO;
				MTL_FAST_MATH = YES;
				SDKROOT = macosx;
				SWIFT_COMPILATION_MODE = wholemodule;
				SWIFT_OPTIMIZATION_LEVEL = "-O";
			};
			name = Release;
		};
		EE91D8E4296B823B00E76895 /* Debug */ = {
			isa = XCBuildConfiguration;
			buildSettings = {
				ASSETCATALOG_COMPILER_APPICON_NAME = AppIcon;
				ASSETCATALOG_COMPILER_GLOBAL_ACCENT_COLOR_NAME = AccentColor;
				CODE_SIGN_ENTITLEMENTS = HackerNews/HackerNews.entitlements;
				CODE_SIGN_STYLE = Automatic;
				COMBINE_HIDPI_IMAGES = YES;
				CURRENT_PROJECT_VERSION = 1;
				DEVELOPMENT_ASSET_PATHS = "\"HackerNews/Preview Content\"";
				DEVELOPMENT_TEAM = 52VNNZ4G6R;
				ENABLE_HARDENED_RUNTIME = YES;
				ENABLE_PREVIEWS = YES;
				GENERATE_INFOPLIST_FILE = YES;
				INFOPLIST_KEY_NSHumanReadableCopyright = "";
				LD_RUNPATH_SEARCH_PATHS = (
					"$(inherited)",
					"@executable_path/../Frameworks",
				);
				MARKETING_VERSION = 1.0;
				PRODUCT_BUNDLE_IDENTIFIER = clarkmccauley.HackerNews;
				PRODUCT_NAME = "$(TARGET_NAME)";
				SWIFT_EMIT_LOC_STRINGS = YES;
				SWIFT_VERSION = 5.0;
			};
			name = Debug;
		};
		EE91D8E5296B823B00E76895 /* Release */ = {
			isa = XCBuildConfiguration;
			buildSettings = {
				ASSETCATALOG_COMPILER_APPICON_NAME = AppIcon;
				ASSETCATALOG_COMPILER_GLOBAL_ACCENT_COLOR_NAME = AccentColor;
				CODE_SIGN_ENTITLEMENTS = HackerNews/HackerNews.entitlements;
				CODE_SIGN_STYLE = Automatic;
				COMBINE_HIDPI_IMAGES = YES;
				CURRENT_PROJECT_VERSION = 1;
				DEVELOPMENT_ASSET_PATHS = "\"HackerNews/Preview Content\"";
				DEVELOPMENT_TEAM = 52VNNZ4G6R;
				ENABLE_HARDENED_RUNTIME = YES;
				ENABLE_PREVIEWS = YES;
				GENERATE_INFOPLIST_FILE = YES;
				INFOPLIST_KEY_NSHumanReadableCopyright = "";
				LD_RUNPATH_SEARCH_PATHS = (
					"$(inherited)",
					"@executable_path/../Frameworks",
				);
				MARKETING_VERSION = 1.0;
				PRODUCT_BUNDLE_IDENTIFIER = clarkmccauley.HackerNews;
				PRODUCT_NAME = "$(TARGET_NAME)";
				SWIFT_EMIT_LOC_STRINGS = YES;
				SWIFT_VERSION = 5.0;
			};
			name = Release;
		};
/* End XCBuildConfiguration section */

/* Begin XCConfigurationList section */
		EE91D8CF296B823A00E76895 /* Build configuration list for PBXProject "HackerNewsBrowser" */ = {
			isa = XCConfigurationList;
			buildConfigurations = (
				EE91D8E1296B823B00E76895 /* Debug */,
				EE91D8E2296B823B00E76895 /* Release */,
			);
			defaultConfigurationIsVisible = 0;
			defaultConfigurationName = Release;
		};
		EE91D8E3296B823B00E76895 /* Build configuration list for PBXNativeTarget "HackerNewsBrowser" */ = {
			isa = XCConfigurationList;
			buildConfigurations = (
				EE91D8E4296B823B00E76895 /* Debug */,
				EE91D8E5296B823B00E76895 /* Release */,
			);
			defaultConfigurationIsVisible = 0;
			defaultConfigurationName = Release;
		};
/* End XCConfigurationList section */

/* Begin XCRemoteSwiftPackageReference section */
		EE91D8ED296B8B2F00E76895 /* XCRemoteSwiftPackageReference "hackernews-swift-api" */ = {
			isa = XCRemoteSwiftPackageReference;
			repositoryURL = "https://github.com/mattrighetti/hackernews-swift-api";
			requirement = {
				kind = upToNextMajorVersion;
				minimumVersion = 1.0.0;
			};
		};
		EE91D8F9296CBDA300E76895 /* XCRemoteSwiftPackageReference "SDWebImageSwiftUI" */ = {
			isa = XCRemoteSwiftPackageReference;
			repositoryURL = "https://github.com/SDWebImage/SDWebImageSwiftUI.git";
			requirement = {
				kind = upToNextMajorVersion;
				minimumVersion = 2.0.0;
			};
		};
		EE91D8FC296CBFB600E76895 /* XCRemoteSwiftPackageReference "OpenGraph" */ = {
			isa = XCRemoteSwiftPackageReference;
			repositoryURL = "https://github.com/satoshi-takano/OpenGraph";
			requirement = {
				kind = upToNextMajorVersion;
				minimumVersion = 1.0.0;
			};
		};
/* End XCRemoteSwiftPackageReference section */

/* Begin XCSwiftPackageProductDependency section */
		EE91D8EE296B8B3000E76895 /* HackerNews */ = {
			isa = XCSwiftPackageProductDependency;
			package = EE91D8ED296B8B2F00E76895 /* XCRemoteSwiftPackageReference "hackernews-swift-api" */;
			productName = HackerNews;
		};
		EE91D8FA296CBDA300E76895 /* SDWebImageSwiftUI */ = {
			isa = XCSwiftPackageProductDependency;
			package = EE91D8F9296CBDA300E76895 /* XCRemoteSwiftPackageReference "SDWebImageSwiftUI" */;
			productName = SDWebImageSwiftUI;
		};
		EE91D8FD296CBFB600E76895 /* OpenGraph */ = {
			isa = XCSwiftPackageProductDependency;
			package = EE91D8FC296CBFB600E76895 /* XCRemoteSwiftPackageReference "OpenGraph" */;
			productName = OpenGraph;
		};
/* End XCSwiftPackageProductDependency section */
	};
	rootObject = EE91D8CC296B823A00E76895 /* Project object */;
}
